// !$*UTF8*$!
{
	archiveVersion = 1;
	classes = {
	};
	objectVersion = 51;
	objects = {

/* Begin PBXBuildFile section */
		558AA85C2443E615007A5620 /* AppDelegate.swift in Sources */ = {isa = PBXBuildFile; fileRef = 558AA85B2443E615007A5620 /* AppDelegate.swift */; };
		558AA85E2443E615007A5620 /* SceneDelegate.swift in Sources */ = {isa = PBXBuildFile; fileRef = 558AA85D2443E615007A5620 /* SceneDelegate.swift */; };
		558AA8632443E615007A5620 /* Main.storyboard in Resources */ = {isa = PBXBuildFile; fileRef = 558AA8612443E615007A5620 /* Main.storyboard */; };
		558AA8652443E616007A5620 /* Assets.xcassets in Resources */ = {isa = PBXBuildFile; fileRef = 558AA8642443E616007A5620 /* Assets.xcassets */; };
		558AA8682443E616007A5620 /* LaunchScreen.storyboard in Resources */ = {isa = PBXBuildFile; fileRef = 558AA8662443E616007A5620 /* LaunchScreen.storyboard */; };
		558AA8732443E616007A5620 /* Food_ShareTests.swift in Sources */ = {isa = PBXBuildFile; fileRef = 558AA8722443E616007A5620 /* Food_ShareTests.swift */; };
		558AA87E2443E616007A5620 /* Food_ShareUITests.swift in Sources */ = {isa = PBXBuildFile; fileRef = 558AA87D2443E616007A5620 /* Food_ShareUITests.swift */; };
		55C0EC37246248F600AE367D /* RequestFoodViewController.swift in Sources */ = {isa = PBXBuildFile; fileRef = 55C0EC36246248F600AE367D /* RequestFoodViewController.swift */; };
		55D4D7462447D0FE00EC76A5 /* GoogleService-Info.plist in Resources */ = {isa = PBXBuildFile; fileRef = 55D4D7452447D0FE00EC76A5 /* GoogleService-Info.plist */; };
		55FA69FA2452B4F600098C11 /* OfferFoodViewController.swift in Sources */ = {isa = PBXBuildFile; fileRef = 55FA69F92452B4F600098C11 /* OfferFoodViewController.swift */; };
		5DF11B2848DDF013C2239D63 /* Pods_Food_Share_Food_ShareUITests.framework in Frameworks */ = {isa = PBXBuildFile; fileRef = 8918D6931EB3569ADD3A82F7 /* Pods_Food_Share_Food_ShareUITests.framework */; };
		680FC026246204FD00F952BC /* SearchViewController.swift in Sources */ = {isa = PBXBuildFile; fileRef = 680FC025246204FD00F952BC /* SearchViewController.swift */; };
		686DCD5F245F270D0029809A /* MessagesCell.swift in Sources */ = {isa = PBXBuildFile; fileRef = 686DCD5E245F270D0029809A /* MessagesCell.swift */; };
		686DCD61245F2D290029809A /* Message.swift in Sources */ = {isa = PBXBuildFile; fileRef = 686DCD60245F2D290029809A /* Message.swift */; };
		686DCD63245F724D0029809A /* SearchVC.swift in Sources */ = {isa = PBXBuildFile; fileRef = 686DCD62245F724D0029809A /* SearchVC.swift */; };
		686DCD65245F7ACB0029809A /* searchCell.swift in Sources */ = {isa = PBXBuildFile; fileRef = 686DCD64245F7ACB0029809A /* searchCell.swift */; };
		686DCD67245F7C5D0029809A /* Search.swift in Sources */ = {isa = PBXBuildFile; fileRef = 686DCD66245F7C5D0029809A /* Search.swift */; };
		68789A56245DD49300937080 /* messageDetailCell.swift in Sources */ = {isa = PBXBuildFile; fileRef = 68789A55245DD49300937080 /* messageDetailCell.swift */; };
		68789A58245DD5C900937080 /* MessageDetail.swift in Sources */ = {isa = PBXBuildFile; fileRef = 68789A57245DD5C900937080 /* MessageDetail.swift */; };
		68789A5A245DE5D200937080 /* MessageVC.swift in Sources */ = {isa = PBXBuildFile; fileRef = 68789A59245DE5D200937080 /* MessageVC.swift */; };
		8406A7A6245101AA0056FB98 /* ProfileViewController.swift in Sources */ = {isa = PBXBuildFile; fileRef = 8406A7A5245101AA0056FB98 /* ProfileViewController.swift */; };
		848B998C244AA84B004F32B6 /* LoginViewController.swift in Sources */ = {isa = PBXBuildFile; fileRef = 848B998B244AA84B004F32B6 /* LoginViewController.swift */; };
		848B998E244AA86E004F32B6 /* SignUpViewController.swift in Sources */ = {isa = PBXBuildFile; fileRef = 848B998D244AA86E004F32B6 /* SignUpViewController.swift */; };
		848B9990244AA87F004F32B6 /* HomeViewController.swift in Sources */ = {isa = PBXBuildFile; fileRef = 848B998F244AA87F004F32B6 /* HomeViewController.swift */; };
		848B9994244AC783004F32B6 /* Constants.swift in Sources */ = {isa = PBXBuildFile; fileRef = 848B9993244AC783004F32B6 /* Constants.swift */; };
		84D64116245CDE8700B24742 /* OfferCell.swift in Sources */ = {isa = PBXBuildFile; fileRef = 84D64115245CDE8700B24742 /* OfferCell.swift */; };
		84D64119245CEA9B00B24742 /* Offer.swift in Sources */ = {isa = PBXBuildFile; fileRef = 84D64118245CEA9B00B24742 /* Offer.swift */; };
		84D6411B245D06B600B24742 /* MessagingViewController.swift in Sources */ = {isa = PBXBuildFile; fileRef = 84D6411A245D06B600B24742 /* MessagingViewController.swift */; };
		84EC5ADD2463283F00993F6B /* Request.swift in Sources */ = {isa = PBXBuildFile; fileRef = 84EC5ADC2463283F00993F6B /* Request.swift */; };
		84EC5AE22463356100993F6B /* RequestCell.swift in Sources */ = {isa = PBXBuildFile; fileRef = 84EC5AE12463356100993F6B /* RequestCell.swift */; };
		939CE4B16024B0C7ECFD1E2F /* Pods_Food_ShareTests.framework in Frameworks */ = {isa = PBXBuildFile; fileRef = 3DAE3AFE1E75D7D19117E8B0 /* Pods_Food_ShareTests.framework */; };
		DF6F15175B251B89AFAAEB0B /* Pods_Food_Share.framework in Frameworks */ = {isa = PBXBuildFile; fileRef = 19E1A1C3E340CE577BBDCA83 /* Pods_Food_Share.framework */; };
/* End PBXBuildFile section */

/* Begin PBXContainerItemProxy section */
		558AA86F2443E616007A5620 /* PBXContainerItemProxy */ = {
			isa = PBXContainerItemProxy;
			containerPortal = 558AA8502443E615007A5620 /* Project object */;
			proxyType = 1;
			remoteGlobalIDString = 558AA8572443E615007A5620;
			remoteInfo = "Food Share";
		};
		558AA87A2443E616007A5620 /* PBXContainerItemProxy */ = {
			isa = PBXContainerItemProxy;
			containerPortal = 558AA8502443E615007A5620 /* Project object */;
			proxyType = 1;
			remoteGlobalIDString = 558AA8572443E615007A5620;
			remoteInfo = "Food Share";
		};
/* End PBXContainerItemProxy section */

/* Begin PBXFileReference section */
		10826DC8DD83236192542537 /* Pods-Food Share-Food ShareUITests.debug.xcconfig */ = {isa = PBXFileReference; includeInIndex = 1; lastKnownFileType = text.xcconfig; name = "Pods-Food Share-Food ShareUITests.debug.xcconfig"; path = "Target Support Files/Pods-Food Share-Food ShareUITests/Pods-Food Share-Food ShareUITests.debug.xcconfig"; sourceTree = "<group>"; };
		19E1A1C3E340CE577BBDCA83 /* Pods_Food_Share.framework */ = {isa = PBXFileReference; explicitFileType = wrapper.framework; includeInIndex = 0; path = Pods_Food_Share.framework; sourceTree = BUILT_PRODUCTS_DIR; };
		3DAE3AFE1E75D7D19117E8B0 /* Pods_Food_ShareTests.framework */ = {isa = PBXFileReference; explicitFileType = wrapper.framework; includeInIndex = 0; path = Pods_Food_ShareTests.framework; sourceTree = BUILT_PRODUCTS_DIR; };
		431CD110A6410F6FF562394E /* Pods-Food Share-Food ShareUITests.release.xcconfig */ = {isa = PBXFileReference; includeInIndex = 1; lastKnownFileType = text.xcconfig; name = "Pods-Food Share-Food ShareUITests.release.xcconfig"; path = "Target Support Files/Pods-Food Share-Food ShareUITests/Pods-Food Share-Food ShareUITests.release.xcconfig"; sourceTree = "<group>"; };
		558AA8582443E615007A5620 /* Food Share.app */ = {isa = PBXFileReference; explicitFileType = wrapper.application; includeInIndex = 0; path = "Food Share.app"; sourceTree = BUILT_PRODUCTS_DIR; };
		558AA85B2443E615007A5620 /* AppDelegate.swift */ = {isa = PBXFileReference; lastKnownFileType = sourcecode.swift; path = AppDelegate.swift; sourceTree = "<group>"; };
		558AA85D2443E615007A5620 /* SceneDelegate.swift */ = {isa = PBXFileReference; lastKnownFileType = sourcecode.swift; path = SceneDelegate.swift; sourceTree = "<group>"; };
		558AA8622443E615007A5620 /* Base */ = {isa = PBXFileReference; lastKnownFileType = file.storyboard; name = Base; path = Base.lproj/Main.storyboard; sourceTree = "<group>"; };
		558AA8642443E616007A5620 /* Assets.xcassets */ = {isa = PBXFileReference; lastKnownFileType = folder.assetcatalog; path = Assets.xcassets; sourceTree = "<group>"; };
		558AA8672443E616007A5620 /* Base */ = {isa = PBXFileReference; lastKnownFileType = file.storyboard; name = Base; path = Base.lproj/LaunchScreen.storyboard; sourceTree = "<group>"; };
		558AA8692443E616007A5620 /* Info.plist */ = {isa = PBXFileReference; lastKnownFileType = text.plist.xml; path = Info.plist; sourceTree = "<group>"; };
		558AA86E2443E616007A5620 /* Food ShareTests.xctest */ = {isa = PBXFileReference; explicitFileType = wrapper.cfbundle; includeInIndex = 0; path = "Food ShareTests.xctest"; sourceTree = BUILT_PRODUCTS_DIR; };
		558AA8722443E616007A5620 /* Food_ShareTests.swift */ = {isa = PBXFileReference; lastKnownFileType = sourcecode.swift; path = Food_ShareTests.swift; sourceTree = "<group>"; };
		558AA8742443E616007A5620 /* Info.plist */ = {isa = PBXFileReference; lastKnownFileType = text.plist.xml; path = Info.plist; sourceTree = "<group>"; };
		558AA8792443E616007A5620 /* Food ShareUITests.xctest */ = {isa = PBXFileReference; explicitFileType = wrapper.cfbundle; includeInIndex = 0; path = "Food ShareUITests.xctest"; sourceTree = BUILT_PRODUCTS_DIR; };
		558AA87D2443E616007A5620 /* Food_ShareUITests.swift */ = {isa = PBXFileReference; lastKnownFileType = sourcecode.swift; path = Food_ShareUITests.swift; sourceTree = "<group>"; };
		558AA87F2443E616007A5620 /* Info.plist */ = {isa = PBXFileReference; lastKnownFileType = text.plist.xml; path = Info.plist; sourceTree = "<group>"; };
		55C0EC36246248F600AE367D /* RequestFoodViewController.swift */ = {isa = PBXFileReference; lastKnownFileType = sourcecode.swift; path = RequestFoodViewController.swift; sourceTree = "<group>"; };
		55D4D7452447D0FE00EC76A5 /* GoogleService-Info.plist */ = {isa = PBXFileReference; fileEncoding = 4; lastKnownFileType = text.plist.xml; path = "GoogleService-Info.plist"; sourceTree = "<group>"; };
		55FA69F92452B4F600098C11 /* OfferFoodViewController.swift */ = {isa = PBXFileReference; lastKnownFileType = sourcecode.swift; path = OfferFoodViewController.swift; sourceTree = "<group>"; };
		66D64478437BD28709F89E6F /* Pods-Food ShareTests.release.xcconfig */ = {isa = PBXFileReference; includeInIndex = 1; lastKnownFileType = text.xcconfig; name = "Pods-Food ShareTests.release.xcconfig"; path = "Target Support Files/Pods-Food ShareTests/Pods-Food ShareTests.release.xcconfig"; sourceTree = "<group>"; };
		680FC025246204FD00F952BC /* SearchViewController.swift */ = {isa = PBXFileReference; lastKnownFileType = sourcecode.swift; path = SearchViewController.swift; sourceTree = "<group>"; };
		686DCD5E245F270D0029809A /* MessagesCell.swift */ = {isa = PBXFileReference; lastKnownFileType = sourcecode.swift; path = MessagesCell.swift; sourceTree = "<group>"; };
		686DCD60245F2D290029809A /* Message.swift */ = {isa = PBXFileReference; lastKnownFileType = sourcecode.swift; path = Message.swift; sourceTree = "<group>"; };
		686DCD62245F724D0029809A /* SearchVC.swift */ = {isa = PBXFileReference; lastKnownFileType = sourcecode.swift; path = SearchVC.swift; sourceTree = "<group>"; };
		686DCD64245F7ACB0029809A /* searchCell.swift */ = {isa = PBXFileReference; lastKnownFileType = sourcecode.swift; path = searchCell.swift; sourceTree = "<group>"; };
		686DCD66245F7C5D0029809A /* Search.swift */ = {isa = PBXFileReference; lastKnownFileType = sourcecode.swift; path = Search.swift; sourceTree = "<group>"; };
		68789A55245DD49300937080 /* messageDetailCell.swift */ = {isa = PBXFileReference; lastKnownFileType = sourcecode.swift; path = messageDetailCell.swift; sourceTree = "<group>"; };
		68789A57245DD5C900937080 /* MessageDetail.swift */ = {isa = PBXFileReference; lastKnownFileType = sourcecode.swift; path = MessageDetail.swift; sourceTree = "<group>"; };
		68789A59245DE5D200937080 /* MessageVC.swift */ = {isa = PBXFileReference; lastKnownFileType = sourcecode.swift; path = MessageVC.swift; sourceTree = "<group>"; };
		8406A7A5245101AA0056FB98 /* ProfileViewController.swift */ = {isa = PBXFileReference; lastKnownFileType = sourcecode.swift; path = ProfileViewController.swift; sourceTree = "<group>"; };
		848B998B244AA84B004F32B6 /* LoginViewController.swift */ = {isa = PBXFileReference; lastKnownFileType = sourcecode.swift; path = LoginViewController.swift; sourceTree = "<group>"; };
		848B998D244AA86E004F32B6 /* SignUpViewController.swift */ = {isa = PBXFileReference; lastKnownFileType = sourcecode.swift; path = SignUpViewController.swift; sourceTree = "<group>"; };
		848B998F244AA87F004F32B6 /* HomeViewController.swift */ = {isa = PBXFileReference; lastKnownFileType = sourcecode.swift; path = HomeViewController.swift; sourceTree = "<group>"; };
		848B9993244AC783004F32B6 /* Constants.swift */ = {isa = PBXFileReference; lastKnownFileType = sourcecode.swift; path = Constants.swift; sourceTree = "<group>"; };
		84D64115245CDE8700B24742 /* OfferCell.swift */ = {isa = PBXFileReference; lastKnownFileType = sourcecode.swift; path = OfferCell.swift; sourceTree = "<group>"; };
		84D64118245CEA9B00B24742 /* Offer.swift */ = {isa = PBXFileReference; lastKnownFileType = sourcecode.swift; path = Offer.swift; sourceTree = "<group>"; };
		84D6411A245D06B600B24742 /* MessagingViewController.swift */ = {isa = PBXFileReference; lastKnownFileType = sourcecode.swift; path = MessagingViewController.swift; sourceTree = "<group>"; };
		84EC5ADC2463283F00993F6B /* Request.swift */ = {isa = PBXFileReference; lastKnownFileType = sourcecode.swift; path = Request.swift; sourceTree = "<group>"; };
		84EC5AE12463356100993F6B /* RequestCell.swift */ = {isa = PBXFileReference; lastKnownFileType = sourcecode.swift; name = RequestCell.swift; path = "/Users/user170197/Desktop/FoodShare/Food Share/RequestCell.swift"; sourceTree = "<absolute>"; };
		8918D6931EB3569ADD3A82F7 /* Pods_Food_Share_Food_ShareUITests.framework */ = {isa = PBXFileReference; explicitFileType = wrapper.framework; includeInIndex = 0; path = Pods_Food_Share_Food_ShareUITests.framework; sourceTree = BUILT_PRODUCTS_DIR; };
		B1E8C9FA3003E56FD01405BD /* Pods-Food ShareTests.debug.xcconfig */ = {isa = PBXFileReference; includeInIndex = 1; lastKnownFileType = text.xcconfig; name = "Pods-Food ShareTests.debug.xcconfig"; path = "Target Support Files/Pods-Food ShareTests/Pods-Food ShareTests.debug.xcconfig"; sourceTree = "<group>"; };
		BE7B3B501057BA0562AF1C42 /* Pods-Food Share.release.xcconfig */ = {isa = PBXFileReference; includeInIndex = 1; lastKnownFileType = text.xcconfig; name = "Pods-Food Share.release.xcconfig"; path = "Target Support Files/Pods-Food Share/Pods-Food Share.release.xcconfig"; sourceTree = "<group>"; };
		C9A55E5FCEFE34575B1D6CF3 /* Pods-Food Share.debug.xcconfig */ = {isa = PBXFileReference; includeInIndex = 1; lastKnownFileType = text.xcconfig; name = "Pods-Food Share.debug.xcconfig"; path = "Target Support Files/Pods-Food Share/Pods-Food Share.debug.xcconfig"; sourceTree = "<group>"; };
/* End PBXFileReference section */

/* Begin PBXFrameworksBuildPhase section */
		558AA8552443E615007A5620 /* Frameworks */ = {
			isa = PBXFrameworksBuildPhase;
			buildActionMask = 2147483647;
			files = (
				DF6F15175B251B89AFAAEB0B /* Pods_Food_Share.framework in Frameworks */,
			);
			runOnlyForDeploymentPostprocessing = 0;
		};
		558AA86B2443E616007A5620 /* Frameworks */ = {
			isa = PBXFrameworksBuildPhase;
			buildActionMask = 2147483647;
			files = (
				939CE4B16024B0C7ECFD1E2F /* Pods_Food_ShareTests.framework in Frameworks */,
			);
			runOnlyForDeploymentPostprocessing = 0;
		};
		558AA8762443E616007A5620 /* Frameworks */ = {
			isa = PBXFrameworksBuildPhase;
			buildActionMask = 2147483647;
			files = (
				5DF11B2848DDF013C2239D63 /* Pods_Food_Share_Food_ShareUITests.framework in Frameworks */,
			);
			runOnlyForDeploymentPostprocessing = 0;
		};
/* End PBXFrameworksBuildPhase section */

/* Begin PBXGroup section */
		202EBC372B22CB395FAFCB69 /* Pods */ = {
			isa = PBXGroup;
			children = (
				C9A55E5FCEFE34575B1D6CF3 /* Pods-Food Share.debug.xcconfig */,
				BE7B3B501057BA0562AF1C42 /* Pods-Food Share.release.xcconfig */,
				10826DC8DD83236192542537 /* Pods-Food Share-Food ShareUITests.debug.xcconfig */,
				431CD110A6410F6FF562394E /* Pods-Food Share-Food ShareUITests.release.xcconfig */,
				B1E8C9FA3003E56FD01405BD /* Pods-Food ShareTests.debug.xcconfig */,
				66D64478437BD28709F89E6F /* Pods-Food ShareTests.release.xcconfig */,
			);
			path = Pods;
			sourceTree = "<group>";
		};
		34E0FCF415EAA96032A07AE6 /* Frameworks */ = {
			isa = PBXGroup;
			children = (
				19E1A1C3E340CE577BBDCA83 /* Pods_Food_Share.framework */,
				8918D6931EB3569ADD3A82F7 /* Pods_Food_Share_Food_ShareUITests.framework */,
				3DAE3AFE1E75D7D19117E8B0 /* Pods_Food_ShareTests.framework */,
			);
			name = Frameworks;
			sourceTree = "<group>";
		};
		558AA84F2443E615007A5620 = {
			isa = PBXGroup;
			children = (
				558AA85A2443E615007A5620 /* Food Share */,
				558AA8712443E616007A5620 /* Food ShareTests */,
				558AA87C2443E616007A5620 /* Food ShareUITests */,
				558AA8592443E615007A5620 /* Products */,
				202EBC372B22CB395FAFCB69 /* Pods */,
				34E0FCF415EAA96032A07AE6 /* Frameworks */,
			);
			sourceTree = "<group>";
		};
		558AA8592443E615007A5620 /* Products */ = {
			isa = PBXGroup;
			children = (
				558AA8582443E615007A5620 /* Food Share.app */,
				558AA86E2443E616007A5620 /* Food ShareTests.xctest */,
				558AA8792443E616007A5620 /* Food ShareUITests.xctest */,
			);
			name = Products;
			sourceTree = "<group>";
		};
		558AA85A2443E615007A5620 /* Food Share */ = {
			isa = PBXGroup;
			children = (
				84D64117245CEA8E00B24742 /* Models */,
				84242E1024535255000F19AA /* Services */,
				848B9992244AC774004F32B6 /* Helpers */,
				558AA85B2443E615007A5620 /* AppDelegate.swift */,
				558AA85D2443E615007A5620 /* SceneDelegate.swift */,
				848B9991244AA886004F32B6 /* View Controllers */,
				558AA8612443E615007A5620 /* Main.storyboard */,
				84D64115245CDE8700B24742 /* OfferCell.swift */,
				84EC5AE12463356100993F6B /* RequestCell.swift */,
				558AA8642443E616007A5620 /* Assets.xcassets */,
				558AA8662443E616007A5620 /* LaunchScreen.storyboard */,
				55D4D7452447D0FE00EC76A5 /* GoogleService-Info.plist */,
				558AA8692443E616007A5620 /* Info.plist */,
			);
			path = "Food Share";
			sourceTree = "<group>";
		};
		558AA8712443E616007A5620 /* Food ShareTests */ = {
			isa = PBXGroup;
			children = (
				558AA8722443E616007A5620 /* Food_ShareTests.swift */,
				558AA8742443E616007A5620 /* Info.plist */,
			);
			path = "Food ShareTests";
			sourceTree = "<group>";
		};
		558AA87C2443E616007A5620 /* Food ShareUITests */ = {
			isa = PBXGroup;
			children = (
				558AA87D2443E616007A5620 /* Food_ShareUITests.swift */,
				558AA87F2443E616007A5620 /* Info.plist */,
			);
			path = "Food ShareUITests";
			sourceTree = "<group>";
		};
		84242E1024535255000F19AA /* Services */ = {
			isa = PBXGroup;
			children = (
				68789A55245DD49300937080 /* messageDetailCell.swift */,
				686DCD5E245F270D0029809A /* MessagesCell.swift */,
				686DCD64245F7ACB0029809A /* searchCell.swift */,
			);
			path = Services;
			sourceTree = "<group>";
		};
		848B9991244AA886004F32B6 /* View Controllers */ = {
			isa = PBXGroup;
			children = (
				55C0EC36246248F600AE367D /* RequestFoodViewController.swift */,
				55FA69F92452B4F600098C11 /* OfferFoodViewController.swift */,
				848B998D244AA86E004F32B6 /* SignUpViewController.swift */,
				848B998F244AA87F004F32B6 /* HomeViewController.swift */,
				848B998B244AA84B004F32B6 /* LoginViewController.swift */,
				8406A7A5245101AA0056FB98 /* ProfileViewController.swift */,
				84D6411A245D06B600B24742 /* MessagingViewController.swift */,
				68789A59245DE5D200937080 /* MessageVC.swift */,
				686DCD62245F724D0029809A /* SearchVC.swift */,
				680FC025246204FD00F952BC /* SearchViewController.swift */,
			);
			name = "View Controllers";
			path = "New Group";
			sourceTree = "<group>";
		};
		848B9992244AC774004F32B6 /* Helpers */ = {
			isa = PBXGroup;
			children = (
				848B9993244AC783004F32B6 /* Constants.swift */,
			);
			path = Helpers;
			sourceTree = "<group>";
		};
		84D64117245CEA8E00B24742 /* Models */ = {
			isa = PBXGroup;
			children = (
				84D64118245CEA9B00B24742 /* Offer.swift */,
				68789A57245DD5C900937080 /* MessageDetail.swift */,
				686DCD60245F2D290029809A /* Message.swift */,
				686DCD66245F7C5D0029809A /* Search.swift */,
				84EC5ADC2463283F00993F6B /* Request.swift */,
			);
			path = Models;
			sourceTree = "<group>";
		};
/* End PBXGroup section */

/* Begin PBXNativeTarget section */
		558AA8572443E615007A5620 /* Food Share */ = {
			isa = PBXNativeTarget;
			buildConfigurationList = 558AA8822443E616007A5620 /* Build configuration list for PBXNativeTarget "Food Share" */;
			buildPhases = (
				AC108A33780067E78B8E85E4 /* [CP] Check Pods Manifest.lock */,
				558AA8542443E615007A5620 /* Sources */,
				558AA8552443E615007A5620 /* Frameworks */,
				558AA8562443E615007A5620 /* Resources */,
				86E0BF3A6558A4B7CE7EF028 /* [CP] Embed Pods Frameworks */,
				8CDF4BC46A0B634145EF51D6 /* [CP] Copy Pods Resources */,
			);
			buildRules = (
			);
			dependencies = (
			);
			name = "Food Share";
			productName = "Food Share";
			productReference = 558AA8582443E615007A5620 /* Food Share.app */;
			productType = "com.apple.product-type.application";
		};
		558AA86D2443E616007A5620 /* Food ShareTests */ = {
			isa = PBXNativeTarget;
			buildConfigurationList = 558AA8852443E616007A5620 /* Build configuration list for PBXNativeTarget "Food ShareTests" */;
			buildPhases = (
				54214040505495C35A1D2FB1 /* [CP] Check Pods Manifest.lock */,
				558AA86A2443E616007A5620 /* Sources */,
				558AA86B2443E616007A5620 /* Frameworks */,
				558AA86C2443E616007A5620 /* Resources */,
			);
			buildRules = (
			);
			dependencies = (
				558AA8702443E616007A5620 /* PBXTargetDependency */,
			);
			name = "Food ShareTests";
			productName = "Food ShareTests";
			productReference = 558AA86E2443E616007A5620 /* Food ShareTests.xctest */;
			productType = "com.apple.product-type.bundle.unit-test";
		};
		558AA8782443E616007A5620 /* Food ShareUITests */ = {
			isa = PBXNativeTarget;
			buildConfigurationList = 558AA8882443E616007A5620 /* Build configuration list for PBXNativeTarget "Food ShareUITests" */;
			buildPhases = (
				2AA91315D10D61EADC4BAD6D /* [CP] Check Pods Manifest.lock */,
				558AA8752443E616007A5620 /* Sources */,
				558AA8762443E616007A5620 /* Frameworks */,
				558AA8772443E616007A5620 /* Resources */,
				FB68F3F9E5ED62AB3C4ECD79 /* [CP] Embed Pods Frameworks */,
				CF17161A1C27519B36AA9CFC /* [CP] Copy Pods Resources */,
			);
			buildRules = (
			);
			dependencies = (
				558AA87B2443E616007A5620 /* PBXTargetDependency */,
			);
			name = "Food ShareUITests";
			productName = "Food ShareUITests";
			productReference = 558AA8792443E616007A5620 /* Food ShareUITests.xctest */;
			productType = "com.apple.product-type.bundle.ui-testing";
		};
/* End PBXNativeTarget section */

/* Begin PBXProject section */
		558AA8502443E615007A5620 /* Project object */ = {
			isa = PBXProject;
			attributes = {
				LastSwiftUpdateCheck = 1130;
				LastUpgradeCheck = 1130;
				ORGANIZATIONNAME = "Christian Lay-Geng";
				TargetAttributes = {
					558AA8572443E615007A5620 = {
						CreatedOnToolsVersion = 11.3;
					};
					558AA86D2443E616007A5620 = {
						CreatedOnToolsVersion = 11.3;
						TestTargetID = 558AA8572443E615007A5620;
					};
					558AA8782443E616007A5620 = {
						CreatedOnToolsVersion = 11.3;
						TestTargetID = 558AA8572443E615007A5620;
					};
				};
			};
			buildConfigurationList = 558AA8532443E615007A5620 /* Build configuration list for PBXProject "Food Share" */;
			compatibilityVersion = "Xcode 9.3";
			developmentRegion = en;
			hasScannedForEncodings = 0;
			knownRegions = (
				en,
				Base,
			);
			mainGroup = 558AA84F2443E615007A5620;
			productRefGroup = 558AA8592443E615007A5620 /* Products */;
			projectDirPath = "";
			projectRoot = "";
			targets = (
				558AA8572443E615007A5620 /* Food Share */,
				558AA86D2443E616007A5620 /* Food ShareTests */,
				558AA8782443E616007A5620 /* Food ShareUITests */,
			);
		};
/* End PBXProject section */

/* Begin PBXResourcesBuildPhase section */
		558AA8562443E615007A5620 /* Resources */ = {
			isa = PBXResourcesBuildPhase;
			buildActionMask = 2147483647;
			files = (
				558AA8682443E616007A5620 /* LaunchScreen.storyboard in Resources */,
				55D4D7462447D0FE00EC76A5 /* GoogleService-Info.plist in Resources */,
				558AA8652443E616007A5620 /* Assets.xcassets in Resources */,
				558AA8632443E615007A5620 /* Main.storyboard in Resources */,
			);
			runOnlyForDeploymentPostprocessing = 0;
		};
		558AA86C2443E616007A5620 /* Resources */ = {
			isa = PBXResourcesBuildPhase;
			buildActionMask = 2147483647;
			files = (
			);
			runOnlyForDeploymentPostprocessing = 0;
		};
		558AA8772443E616007A5620 /* Resources */ = {
			isa = PBXResourcesBuildPhase;
			buildActionMask = 2147483647;
			files = (
			);
			runOnlyForDeploymentPostprocessing = 0;
		};
/* End PBXResourcesBuildPhase section */

/* Begin PBXShellScriptBuildPhase section */
		2AA91315D10D61EADC4BAD6D /* [CP] Check Pods Manifest.lock */ = {
			isa = PBXShellScriptBuildPhase;
			buildActionMask = 2147483647;
			files = (
			);
			inputFileListPaths = (
			);
			inputPaths = (
				"${PODS_PODFILE_DIR_PATH}/Podfile.lock",
				"${PODS_ROOT}/Manifest.lock",
			);
			name = "[CP] Check Pods Manifest.lock";
			outputFileListPaths = (
			);
			outputPaths = (
				"$(DERIVED_FILE_DIR)/Pods-Food Share-Food ShareUITests-checkManifestLockResult.txt",
			);
			runOnlyForDeploymentPostprocessing = 0;
			shellPath = /bin/sh;
			shellScript = "diff \"${PODS_PODFILE_DIR_PATH}/Podfile.lock\" \"${PODS_ROOT}/Manifest.lock\" > /dev/null\nif [ $? != 0 ] ; then\n    # print error to STDERR\n    echo \"error: The sandbox is not in sync with the Podfile.lock. Run 'pod install' or update your CocoaPods installation.\" >&2\n    exit 1\nfi\n# This output is used by Xcode 'outputs' to avoid re-running this script phase.\necho \"SUCCESS\" > \"${SCRIPT_OUTPUT_FILE_0}\"\n";
			showEnvVarsInLog = 0;
		};
		54214040505495C35A1D2FB1 /* [CP] Check Pods Manifest.lock */ = {
			isa = PBXShellScriptBuildPhase;
			buildActionMask = 2147483647;
			files = (
			);
			inputFileListPaths = (
			);
			inputPaths = (
				"${PODS_PODFILE_DIR_PATH}/Podfile.lock",
				"${PODS_ROOT}/Manifest.lock",
			);
			name = "[CP] Check Pods Manifest.lock";
			outputFileListPaths = (
			);
			outputPaths = (
				"$(DERIVED_FILE_DIR)/Pods-Food ShareTests-checkManifestLockResult.txt",
			);
			runOnlyForDeploymentPostprocessing = 0;
			shellPath = /bin/sh;
			shellScript = "diff \"${PODS_PODFILE_DIR_PATH}/Podfile.lock\" \"${PODS_ROOT}/Manifest.lock\" > /dev/null\nif [ $? != 0 ] ; then\n    # print error to STDERR\n    echo \"error: The sandbox is not in sync with the Podfile.lock. Run 'pod install' or update your CocoaPods installation.\" >&2\n    exit 1\nfi\n# This output is used by Xcode 'outputs' to avoid re-running this script phase.\necho \"SUCCESS\" > \"${SCRIPT_OUTPUT_FILE_0}\"\n";
			showEnvVarsInLog = 0;
		};
		86E0BF3A6558A4B7CE7EF028 /* [CP] Embed Pods Frameworks */ = {
			isa = PBXShellScriptBuildPhase;
			buildActionMask = 2147483647;
			files = (
			);
			inputFileListPaths = (
				"${PODS_ROOT}/Target Support Files/Pods-Food Share/Pods-Food Share-frameworks-${CONFIGURATION}-input-files.xcfilelist",
			);
			name = "[CP] Embed Pods Frameworks";
			outputFileListPaths = (
				"${PODS_ROOT}/Target Support Files/Pods-Food Share/Pods-Food Share-frameworks-${CONFIGURATION}-output-files.xcfilelist",
			);
			runOnlyForDeploymentPostprocessing = 0;
			shellPath = /bin/sh;
			shellScript = "\"${PODS_ROOT}/Target Support Files/Pods-Food Share/Pods-Food Share-frameworks.sh\"\n";
			showEnvVarsInLog = 0;
		};
		8CDF4BC46A0B634145EF51D6 /* [CP] Copy Pods Resources */ = {
			isa = PBXShellScriptBuildPhase;
			buildActionMask = 2147483647;
			files = (
			);
			inputFileListPaths = (
				"${PODS_ROOT}/Target Support Files/Pods-Food Share/Pods-Food Share-resources-${CONFIGURATION}-input-files.xcfilelist",
			);
			name = "[CP] Copy Pods Resources";
			outputFileListPaths = (
				"${PODS_ROOT}/Target Support Files/Pods-Food Share/Pods-Food Share-resources-${CONFIGURATION}-output-files.xcfilelist",
			);
			runOnlyForDeploymentPostprocessing = 0;
			shellPath = /bin/sh;
			shellScript = "\"${PODS_ROOT}/Target Support Files/Pods-Food Share/Pods-Food Share-resources.sh\"\n";
			showEnvVarsInLog = 0;
		};
		AC108A33780067E78B8E85E4 /* [CP] Check Pods Manifest.lock */ = {
			isa = PBXShellScriptBuildPhase;
			buildActionMask = 2147483647;
			files = (
			);
			inputFileListPaths = (
			);
			inputPaths = (
				"${PODS_PODFILE_DIR_PATH}/Podfile.lock",
				"${PODS_ROOT}/Manifest.lock",
			);
			name = "[CP] Check Pods Manifest.lock";
			outputFileListPaths = (
			);
			outputPaths = (
				"$(DERIVED_FILE_DIR)/Pods-Food Share-checkManifestLockResult.txt",
			);
			runOnlyForDeploymentPostprocessing = 0;
			shellPath = /bin/sh;
			shellScript = "diff \"${PODS_PODFILE_DIR_PATH}/Podfile.lock\" \"${PODS_ROOT}/Manifest.lock\" > /dev/null\nif [ $? != 0 ] ; then\n    # print error to STDERR\n    echo \"error: The sandbox is not in sync with the Podfile.lock. Run 'pod install' or update your CocoaPods installation.\" >&2\n    exit 1\nfi\n# This output is used by Xcode 'outputs' to avoid re-running this script phase.\necho \"SUCCESS\" > \"${SCRIPT_OUTPUT_FILE_0}\"\n";
			showEnvVarsInLog = 0;
		};
		CF17161A1C27519B36AA9CFC /* [CP] Copy Pods Resources */ = {
			isa = PBXShellScriptBuildPhase;
			buildActionMask = 2147483647;
			files = (
			);
			inputFileListPaths = (
				"${PODS_ROOT}/Target Support Files/Pods-Food Share-Food ShareUITests/Pods-Food Share-Food ShareUITests-resources-${CONFIGURATION}-input-files.xcfilelist",
			);
			name = "[CP] Copy Pods Resources";
			outputFileListPaths = (
				"${PODS_ROOT}/Target Support Files/Pods-Food Share-Food ShareUITests/Pods-Food Share-Food ShareUITests-resources-${CONFIGURATION}-output-files.xcfilelist",
			);
			runOnlyForDeploymentPostprocessing = 0;
			shellPath = /bin/sh;
			shellScript = "\"${PODS_ROOT}/Target Support Files/Pods-Food Share-Food ShareUITests/Pods-Food Share-Food ShareUITests-resources.sh\"\n";
			showEnvVarsInLog = 0;
		};
		FB68F3F9E5ED62AB3C4ECD79 /* [CP] Embed Pods Frameworks */ = {
			isa = PBXShellScriptBuildPhase;
			buildActionMask = 2147483647;
			files = (
			);
			inputFileListPaths = (
				"${PODS_ROOT}/Target Support Files/Pods-Food Share-Food ShareUITests/Pods-Food Share-Food ShareUITests-frameworks-${CONFIGURATION}-input-files.xcfilelist",
			);
			name = "[CP] Embed Pods Frameworks";
			outputFileListPaths = (
				"${PODS_ROOT}/Target Support Files/Pods-Food Share-Food ShareUITests/Pods-Food Share-Food ShareUITests-frameworks-${CONFIGURATION}-output-files.xcfilelist",
			);
			runOnlyForDeploymentPostprocessing = 0;
			shellPath = /bin/sh;
			shellScript = "\"${PODS_ROOT}/Target Support Files/Pods-Food Share-Food ShareUITests/Pods-Food Share-Food ShareUITests-frameworks.sh\"\n";
			showEnvVarsInLog = 0;
		};
/* End PBXShellScriptBuildPhase section */

/* Begin PBXSourcesBuildPhase section */
		558AA8542443E615007A5620 /* Sources */ = {
			isa = PBXSourcesBuildPhase;
			buildActionMask = 2147483647;
			files = (
				55FA69FA2452B4F600098C11 /* OfferFoodViewController.swift in Sources */,
				848B998C244AA84B004F32B6 /* LoginViewController.swift in Sources */,
				68789A58245DD5C900937080 /* MessageDetail.swift in Sources */,
				68789A56245DD49300937080 /* messageDetailCell.swift in Sources */,
				686DCD5F245F270D0029809A /* MessagesCell.swift in Sources */,
				68789A5A245DE5D200937080 /* MessageVC.swift in Sources */,
				558AA85C2443E615007A5620 /* AppDelegate.swift in Sources */,
				55C0EC37246248F600AE367D /* RequestFoodViewController.swift in Sources */,
				558AA85E2443E615007A5620 /* SceneDelegate.swift in Sources */,
				84D6411B245D06B600B24742 /* MessagingViewController.swift in Sources */,
				848B9994244AC783004F32B6 /* Constants.swift in Sources */,
				680FC026246204FD00F952BC /* SearchViewController.swift in Sources */,
				848B998E244AA86E004F32B6 /* SignUpViewController.swift in Sources */,
				8406A7A6245101AA0056FB98 /* ProfileViewController.swift in Sources */,
				686DCD67245F7C5D0029809A /* Search.swift in Sources */,
				84EC5AE22463356100993F6B /* RequestCell.swift in Sources */,
				84EC5ADD2463283F00993F6B /* Request.swift in Sources */,
				848B9990244AA87F004F32B6 /* HomeViewController.swift in Sources */,
				686DCD61245F2D290029809A /* Message.swift in Sources */,
				84D64116245CDE8700B24742 /* OfferCell.swift in Sources */,
				686DCD63245F724D0029809A /* SearchVC.swift in Sources */,
				84D64119245CEA9B00B24742 /* Offer.swift in Sources */,
				686DCD65245F7ACB0029809A /* searchCell.swift in Sources */,
			);
			runOnlyForDeploymentPostprocessing = 0;
		};
		558AA86A2443E616007A5620 /* Sources */ = {
			isa = PBXSourcesBuildPhase;
			buildActionMask = 2147483647;
			files = (
				558AA8732443E616007A5620 /* Food_ShareTests.swift in Sources */,
			);
			runOnlyForDeploymentPostprocessing = 0;
		};
		558AA8752443E616007A5620 /* Sources */ = {
			isa = PBXSourcesBuildPhase;
			buildActionMask = 2147483647;
			files = (
				558AA87E2443E616007A5620 /* Food_ShareUITests.swift in Sources */,
			);
			runOnlyForDeploymentPostprocessing = 0;
		};
/* End PBXSourcesBuildPhase section */

/* Begin PBXTargetDependency section */
		558AA8702443E616007A5620 /* PBXTargetDependency */ = {
			isa = PBXTargetDependency;
			target = 558AA8572443E615007A5620 /* Food Share */;
			targetProxy = 558AA86F2443E616007A5620 /* PBXContainerItemProxy */;
		};
		558AA87B2443E616007A5620 /* PBXTargetDependency */ = {
			isa = PBXTargetDependency;
			target = 558AA8572443E615007A5620 /* Food Share */;
			targetProxy = 558AA87A2443E616007A5620 /* PBXContainerItemProxy */;
		};
/* End PBXTargetDependency section */

/* Begin PBXVariantGroup section */
		558AA8612443E615007A5620 /* Main.storyboard */ = {
			isa = PBXVariantGroup;
			children = (
				558AA8622443E615007A5620 /* Base */,
			);
			name = Main.storyboard;
			sourceTree = "<group>";
		};
		558AA8662443E616007A5620 /* LaunchScreen.storyboard */ = {
			isa = PBXVariantGroup;
			children = (
				558AA8672443E616007A5620 /* Base */,
			);
			name = LaunchScreen.storyboard;
			sourceTree = "<group>";
		};
/* End PBXVariantGroup section */

/* Begin XCBuildConfiguration section */
		558AA8802443E616007A5620 /* Debug */ = {
			isa = XCBuildConfiguration;
			buildSettings = {
				ALWAYS_SEARCH_USER_PATHS = NO;
				CLANG_ANALYZER_NONNULL = YES;
				CLANG_ANALYZER_NUMBER_OBJECT_CONVERSION = YES_AGGRESSIVE;
				CLANG_CXX_LANGUAGE_STANDARD = "gnu++14";
				CLANG_CXX_LIBRARY = "libc++";
				CLANG_ENABLE_MODULES = YES;
				CLANG_ENABLE_OBJC_ARC = YES;
				CLANG_ENABLE_OBJC_WEAK = YES;
				CLANG_WARN_BLOCK_CAPTURE_AUTORELEASING = YES;
				CLANG_WARN_BOOL_CONVERSION = YES;
				CLANG_WARN_COMMA = YES;
				CLANG_WARN_CONSTANT_CONVERSION = YES;
				CLANG_WARN_DEPRECATED_OBJC_IMPLEMENTATIONS = YES;
				CLANG_WARN_DIRECT_OBJC_ISA_USAGE = YES_ERROR;
				CLANG_WARN_DOCUMENTATION_COMMENTS = YES;
				CLANG_WARN_EMPTY_BODY = YES;
				CLANG_WARN_ENUM_CONVERSION = YES;
				CLANG_WARN_INFINITE_RECURSION = YES;
				CLANG_WARN_INT_CONVERSION = YES;
				CLANG_WARN_NON_LITERAL_NULL_CONVERSION = YES;
				CLANG_WARN_OBJC_IMPLICIT_RETAIN_SELF = YES;
				CLANG_WARN_OBJC_LITERAL_CONVERSION = YES;
				CLANG_WARN_OBJC_ROOT_CLASS = YES_ERROR;
				CLANG_WARN_RANGE_LOOP_ANALYSIS = YES;
				CLANG_WARN_STRICT_PROTOTYPES = YES;
				CLANG_WARN_SUSPICIOUS_MOVE = YES;
				CLANG_WARN_UNGUARDED_AVAILABILITY = YES_AGGRESSIVE;
				CLANG_WARN_UNREACHABLE_CODE = YES;
				CLANG_WARN__DUPLICATE_METHOD_MATCH = YES;
				COPY_PHASE_STRIP = NO;
				DEBUG_INFORMATION_FORMAT = dwarf;
				ENABLE_STRICT_OBJC_MSGSEND = YES;
				ENABLE_TESTABILITY = YES;
				GCC_C_LANGUAGE_STANDARD = gnu11;
				GCC_DYNAMIC_NO_PIC = NO;
				GCC_NO_COMMON_BLOCKS = YES;
				GCC_OPTIMIZATION_LEVEL = 0;
				GCC_PREPROCESSOR_DEFINITIONS = (
					"DEBUG=1",
					"$(inherited)",
				);
				GCC_WARN_64_TO_32_BIT_CONVERSION = YES;
				GCC_WARN_ABOUT_RETURN_TYPE = YES_ERROR;
				GCC_WARN_UNDECLARED_SELECTOR = YES;
				GCC_WARN_UNINITIALIZED_AUTOS = YES_AGGRESSIVE;
				GCC_WARN_UNUSED_FUNCTION = YES;
				GCC_WARN_UNUSED_VARIABLE = YES;
				IPHONEOS_DEPLOYMENT_TARGET = 13.2;
				MTL_ENABLE_DEBUG_INFO = INCLUDE_SOURCE;
				MTL_FAST_MATH = YES;
				ONLY_ACTIVE_ARCH = YES;
				SDKROOT = iphoneos;
				SWIFT_ACTIVE_COMPILATION_CONDITIONS = DEBUG;
				SWIFT_OPTIMIZATION_LEVEL = "-Onone";
			};
			name = Debug;
		};
		558AA8812443E616007A5620 /* Release */ = {
			isa = XCBuildConfiguration;
			buildSettings = {
				ALWAYS_SEARCH_USER_PATHS = NO;
				CLANG_ANALYZER_NONNULL = YES;
				CLANG_ANALYZER_NUMBER_OBJECT_CONVERSION = YES_AGGRESSIVE;
				CLANG_CXX_LANGUAGE_STANDARD = "gnu++14";
				CLANG_CXX_LIBRARY = "libc++";
				CLANG_ENABLE_MODULES = YES;
				CLANG_ENABLE_OBJC_ARC = YES;
				CLANG_ENABLE_OBJC_WEAK = YES;
				CLANG_WARN_BLOCK_CAPTURE_AUTORELEASING = YES;
				CLANG_WARN_BOOL_CONVERSION = YES;
				CLANG_WARN_COMMA = YES;
				CLANG_WARN_CONSTANT_CONVERSION = YES;
				CLANG_WARN_DEPRECATED_OBJC_IMPLEMENTATIONS = YES;
				CLANG_WARN_DIRECT_OBJC_ISA_USAGE = YES_ERROR;
				CLANG_WARN_DOCUMENTATION_COMMENTS = YES;
				CLANG_WARN_EMPTY_BODY = YES;
				CLANG_WARN_ENUM_CONVERSION = YES;
				CLANG_WARN_INFINITE_RECURSION = YES;
				CLANG_WARN_INT_CONVERSION = YES;
				CLANG_WARN_NON_LITERAL_NULL_CONVERSION = YES;
				CLANG_WARN_OBJC_IMPLICIT_RETAIN_SELF = YES;
				CLANG_WARN_OBJC_LITERAL_CONVERSION = YES;
				CLANG_WARN_OBJC_ROOT_CLASS = YES_ERROR;
				CLANG_WARN_RANGE_LOOP_ANALYSIS = YES;
				CLANG_WARN_STRICT_PROTOTYPES = YES;
				CLANG_WARN_SUSPICIOUS_MOVE = YES;
				CLANG_WARN_UNGUARDED_AVAILABILITY = YES_AGGRESSIVE;
				CLANG_WARN_UNREACHABLE_CODE = YES;
				CLANG_WARN__DUPLICATE_METHOD_MATCH = YES;
				COPY_PHASE_STRIP = NO;
				DEBUG_INFORMATION_FORMAT = "dwarf-with-dsym";
				ENABLE_NS_ASSERTIONS = NO;
				ENABLE_STRICT_OBJC_MSGSEND = YES;
				GCC_C_LANGUAGE_STANDARD = gnu11;
				GCC_NO_COMMON_BLOCKS = YES;
				GCC_WARN_64_TO_32_BIT_CONVERSION = YES;
				GCC_WARN_ABOUT_RETURN_TYPE = YES_ERROR;
				GCC_WARN_UNDECLARED_SELECTOR = YES;
				GCC_WARN_UNINITIALIZED_AUTOS = YES_AGGRESSIVE;
				GCC_WARN_UNUSED_FUNCTION = YES;
				GCC_WARN_UNUSED_VARIABLE = YES;
				IPHONEOS_DEPLOYMENT_TARGET = 13.2;
				MTL_ENABLE_DEBUG_INFO = NO;
				MTL_FAST_MATH = YES;
				SDKROOT = iphoneos;
				SWIFT_COMPILATION_MODE = wholemodule;
				SWIFT_OPTIMIZATION_LEVEL = "-O";
				VALIDATE_PRODUCT = YES;
			};
			name = Release;
		};
		558AA8832443E616007A5620 /* Debug */ = {
			isa = XCBuildConfiguration;
			baseConfigurationReference = C9A55E5FCEFE34575B1D6CF3 /* Pods-Food Share.debug.xcconfig */;
			buildSettings = {
				ASSETCATALOG_COMPILER_APPICON_NAME = AppIcon;
				CODE_SIGN_STYLE = Automatic;
				DEVELOPMENT_TEAM = U53A6839FM;
				INFOPLIST_FILE = "Food Share/Info.plist";
				LD_RUNPATH_SEARCH_PATHS = (
					"$(inherited)",
					"@executable_path/Frameworks",
				);
				PRODUCT_BUNDLE_IDENTIFIER = "codepath.Food-Share";
				PRODUCT_NAME = "$(TARGET_NAME)";
				SWIFT_VERSION = 5.0;
				TARGETED_DEVICE_FAMILY = "1,2";
			};
			name = Debug;
		};
		558AA8842443E616007A5620 /* Release */ = {
			isa = XCBuildConfiguration;
			baseConfigurationReference = BE7B3B501057BA0562AF1C42 /* Pods-Food Share.release.xcconfig */;
			buildSettings = {
				ASSETCATALOG_COMPILER_APPICON_NAME = AppIcon;
				CODE_SIGN_STYLE = Automatic;
				DEVELOPMENT_TEAM = U53A6839FM;
				INFOPLIST_FILE = "Food Share/Info.plist";
				LD_RUNPATH_SEARCH_PATHS = (
					"$(inherited)",
					"@executable_path/Frameworks",
				);
				PRODUCT_BUNDLE_IDENTIFIER = "codepath.Food-Share";
				PRODUCT_NAME = "$(TARGET_NAME)";
				SWIFT_VERSION = 5.0;
				TARGETED_DEVICE_FAMILY = "1,2";
			};
			name = Release;
		};
		558AA8862443E616007A5620 /* Debug */ = {
			isa = XCBuildConfiguration;
			baseConfigurationReference = B1E8C9FA3003E56FD01405BD /* Pods-Food ShareTests.debug.xcconfig */;
			buildSettings = {
				ALWAYS_EMBED_SWIFT_STANDARD_LIBRARIES = YES;
				BUNDLE_LOADER = "$(TEST_HOST)";
				CODE_SIGN_STYLE = Automatic;
				DEVELOPMENT_TEAM = U53A6839FM;
				INFOPLIST_FILE = "Food ShareTests/Info.plist";
				IPHONEOS_DEPLOYMENT_TARGET = 13.2;
				LD_RUNPATH_SEARCH_PATHS = (
					"$(inherited)",
					"@executable_path/Frameworks",
					"@loader_path/Frameworks",
				);
				PRODUCT_BUNDLE_IDENTIFIER = "codepath.Food-ShareTests";
				PRODUCT_NAME = "$(TARGET_NAME)";
				SWIFT_VERSION = 5.0;
				TARGETED_DEVICE_FAMILY = "1,2";
				TEST_HOST = "$(BUILT_PRODUCTS_DIR)/Food Share.app/Food Share";
			};
			name = Debug;
		};
		558AA8872443E616007A5620 /* Release */ = {
			isa = XCBuildConfiguration;
			baseConfigurationReference = 66D64478437BD28709F89E6F /* Pods-Food ShareTests.release.xcconfig */;
			buildSettings = {
				ALWAYS_EMBED_SWIFT_STANDARD_LIBRARIES = YES;
				BUNDLE_LOADER = "$(TEST_HOST)";
				CODE_SIGN_STYLE = Automatic;
				DEVELOPMENT_TEAM = U53A6839FM;
				INFOPLIST_FILE = "Food ShareTests/Info.plist";
				IPHONEOS_DEPLOYMENT_TARGET = 13.2;
				LD_RUNPATH_SEARCH_PATHS = (
					"$(inherited)",
					"@executable_path/Frameworks",
					"@loader_path/Frameworks",
				);
				PRODUCT_BUNDLE_IDENTIFIER = "codepath.Food-ShareTests";
				PRODUCT_NAME = "$(TARGET_NAME)";
				SWIFT_VERSION = 5.0;
				TARGETED_DEVICE_FAMILY = "1,2";
				TEST_HOST = "$(BUILT_PRODUCTS_DIR)/Food Share.app/Food Share";
			};
			name = Release;
		};
		558AA8892443E616007A5620 /* Debug */ = {
			isa = XCBuildConfiguration;
			baseConfigurationReference = 10826DC8DD83236192542537 /* Pods-Food Share-Food ShareUITests.debug.xcconfig */;
			buildSettings = {
				ALWAYS_EMBED_SWIFT_STANDARD_LIBRARIES = YES;
				CODE_SIGN_STYLE = Automatic;
				DEVELOPMENT_TEAM = U53A6839FM;
				INFOPLIST_FILE = "Food ShareUITests/Info.plist";
				LD_RUNPATH_SEARCH_PATHS = (
					"$(inherited)",
					"@executable_path/Frameworks",
					"@loader_path/Frameworks",
				);
				PRODUCT_BUNDLE_IDENTIFIER = "codepath.Food-ShareUITests";
				PRODUCT_NAME = "$(TARGET_NAME)";
				SWIFT_VERSION = 5.0;
				TARGETED_DEVICE_FAMILY = "1,2";
				TEST_TARGET_NAME = "Food Share";
			};
			name = Debug;
		};
		558AA88A2443E616007A5620 /* Release */ = {
			isa = XCBuildConfiguration;
			baseConfigurationReference = 431CD110A6410F6FF562394E /* Pods-Food Share-Food ShareUITests.release.xcconfig */;
			buildSettings = {
				ALWAYS_EMBED_SWIFT_STANDARD_LIBRARIES = YES;
				CODE_SIGN_STYLE = Automatic;
				DEVELOPMENT_TEAM = U53A6839FM;
				INFOPLIST_FILE = "Food ShareUITests/Info.plist";
				LD_RUNPATH_SEARCH_PATHS = (
					"$(inherited)",
					"@executable_path/Frameworks",
					"@loader_path/Frameworks",
				);
				PRODUCT_BUNDLE_IDENTIFIER = "codepath.Food-ShareUITests";
				PRODUCT_NAME = "$(TARGET_NAME)";
				SWIFT_VERSION = 5.0;
				TARGETED_DEVICE_FAMILY = "1,2";
				TEST_TARGET_NAME = "Food Share";
			};
			name = Release;
		};
/* End XCBuildConfiguration section */

/* Begin XCConfigurationList section */
		558AA8532443E615007A5620 /* Build configuration list for PBXProject "Food Share" */ = {
			isa = XCConfigurationList;
			buildConfigurations = (
				558AA8802443E616007A5620 /* Debug */,
				558AA8812443E616007A5620 /* Release */,
			);
			defaultConfigurationIsVisible = 0;
			defaultConfigurationName = Release;
		};
		558AA8822443E616007A5620 /* Build configuration list for PBXNativeTarget "Food Share" */ = {
			isa = XCConfigurationList;
			buildConfigurations = (
				558AA8832443E616007A5620 /* Debug */,
				558AA8842443E616007A5620 /* Release */,
			);
			defaultConfigurationIsVisible = 0;
			defaultConfigurationName = Release;
		};
		558AA8852443E616007A5620 /* Build configuration list for PBXNativeTarget "Food ShareTests" */ = {
			isa = XCConfigurationList;
			buildConfigurations = (
				558AA8862443E616007A5620 /* Debug */,
				558AA8872443E616007A5620 /* Release */,
			);
			defaultConfigurationIsVisible = 0;
			defaultConfigurationName = Release;
		};
		558AA8882443E616007A5620 /* Build configuration list for PBXNativeTarget "Food ShareUITests" */ = {
			isa = XCConfigurationList;
			buildConfigurations = (
				558AA8892443E616007A5620 /* Debug */,
				558AA88A2443E616007A5620 /* Release */,
			);
			defaultConfigurationIsVisible = 0;
			defaultConfigurationName = Release;
		};
/* End XCConfigurationList section */
	};
	rootObject = 558AA8502443E615007A5620 /* Project object */;
}
